# This file was autogenerated by Stack.
# You should not edit this file by hand.
# For more information, please see the documentation at:
#   https://docs.haskellstack.org/en/stable/lock_files

packages:
- completed:
    hackage: aws-lambda-haskell-runtime-2.0.1@sha256:17a1a9ded282d9ddc2a77f9dc32a986edaf7b0c2a1eeaf4ab631762620e467c5,2893
    pantry-tree:
      size: 1411
      sha256: 92ef0734578678e855b4106d9c16fa3f1ce60716d14b57e55b7452ab0bd1cdec
  original:
    hackage: aws-lambda-haskell-runtime-2.0.1
- completed:
    hackage: beam-mysql-0.2.0.0@sha256:6c64358de5094463a70e8c71dbc99a38ae937d04a44cee9858e8a0779bb7b8dd,2282
    pantry-tree:
      size: 389
      sha256: ed62694a4bf6afc18ab12dd7227d3aa64a575f387efe3b35fe95b1f3ce71a940
  original:
    hackage: beam-mysql-0.2.0.0
snapshots:
- completed:
    size: 499461
    url: https://raw.githubusercontent.com/commercialhaskell/stackage-snapshots/master/lts/13/25.yaml
    sha256: aed98969628e20615e96b06083c933c7e3354ae56b08b75e607a26569225d6c0
  original: lts-13.25
