# This file was autogenerated by Stack.
# You should not edit this file by hand.
# For more information, please see the documentation at:
#   https://docs.haskellstack.org/en/stable/lock_files

packages:
- completed:
    hackage: aws-lambda-haskell-runtime-2.0.1@sha256:17a1a9ded282d9ddc2a77f9dc32a986edaf7b0c2a1eeaf4ab631762620e467c5,2893
    pantry-tree:
      size: 1411
      sha256: 92ef0734578678e855b4106d9c16fa3f1ce60716d14b57e55b7452ab0bd1cdec
  original:
    hackage: aws-lambda-haskell-runtime-2.0.1
- completed:
    hackage: beam-core-0.8.0.0@sha256:7514a7b9cc092d7e890adf2ad08c1ea3c66ea5900e263b32ff0c55c31e01bac0,5044
    pantry-tree:
      size: 2553
      sha256: c3520bd90aa71fe509740827acc5973a9dc47ed9a830f67e13e68b1893b763ba
  original:
    hackage: beam-core-0.8.0.0
- completed:
    hackage: beam-mysql-0.2.0.0@sha256:6c64358de5094463a70e8c71dbc99a38ae937d04a44cee9858e8a0779bb7b8dd,2282
    pantry-tree:
      size: 389
      sha256: ed62694a4bf6afc18ab12dd7227d3aa64a575f387efe3b35fe95b1f3ce71a940
  original:
    hackage: beam-mysql-0.2.0.0
snapshots:
- completed:
    size: 499889
    url: https://raw.githubusercontent.com/commercialhaskell/stackage-snapshots/master/lts/13/26.yaml
    sha256: ecb02ee16829df8d7219e7d7fe6c310819820bf335b0b9534bce84d3ea896684
  original: lts-13.26
